
Microsoft Visual Studio Solution File, Format Version 12.00
# Visual Studio 15
VisualStudioVersion = 15.0.27130.2003
MinimumVisualStudioVersion = 10.0.40219.1
Project("{9A19103F-16F7-4668-BE54-9A1E7A4F7556}") = "TutoHangfire", "TutoHangfire\TutoHangfire.csproj", "{259E7CC5-2CA6-40EE-BF2D-53B3260B4CFC}"
EndProject
Global
	GlobalSection(SolutionConfigurationPlatforms) = preSolution
		Debug|Any CPU = Debug|Any CPU
		Debug|x64 = Debug|x64
		Release|Any CPU = Release|Any CPU
		Release|x64 = Release|x64
	EndGlobalSection
	GlobalSection(ProjectConfigurationPlatforms) = postSolution
		{259E7CC5-2CA6-40EE-BF2D-53B3260B4CFC}.Debug|Any CPU.ActiveCfg = Debug|Any CPU
		{259E7CC5-2CA6-40EE-BF2D-53B3260B4CFC}.Debug|Any CPU.Build.0 = Debug|Any CPU
		{259E7CC5-2CA6-40EE-BF2D-53B3260B4CFC}.Debug|x64.ActiveCfg = Debug|x64
		{259E7CC5-2CA6-40EE-BF2D-53B3260B4CFC}.Debug|x64.Build.0 = Debug|x64
		{259E7CC5-2CA6-40EE-BF2D-53B3260B4CFC}.Release|Any CPU.ActiveCfg = Release|Any CPU
		{259E7CC5-2CA6-40EE-BF2D-53B3260B4CFC}.Release|Any CPU.Build.0 = Release|Any CPU
		{259E7CC5-2CA6-40EE-BF2D-53B3260B4CFC}.Release|x64.ActiveCfg = Release|x64
		{259E7CC5-2CA6-40EE-BF2D-53B3260B4CFC}.Release|x64.Build.0 = Release|x64
	EndGlobalSection
	GlobalSection(SolutionProperties) = preSolution
		HideSolutionNode = FALSE
	EndGlobalSection
	GlobalSection(ExtensibilityGlobals) = postSolution
		SolutionGuid = {FEB4D5FC-F8B0-400F-A333-5143C39DCDBA}
	EndGlobalSection
EndGlobal
